
Microsoft Visual Studio Solution File, Format Version 12.00
Project("{FAE04EC0-301F-11D3-BF4B-00C04F79EFBC}") = "WebServiceTestTask", "WebServiceTestTask\WebServiceTestTask.csproj", "{241B1652-0E09-41FC-AD0A-A91DD73FE741}"
EndProject
Global
	GlobalSection(SolutionConfigurationPlatforms) = preSolution
		Debug|Any CPU = Debug|Any CPU
		Release|Any CPU = Release|Any CPU
	EndGlobalSection
	GlobalSection(ProjectConfigurationPlatforms) = postSolution
		{241B1652-0E09-41FC-AD0A-A91DD73FE741}.Debug|Any CPU.ActiveCfg = Debug|Any CPU
		{241B1652-0E09-41FC-AD0A-A91DD73FE741}.Debug|Any CPU.Build.0 = Debug|Any CPU
		{241B1652-0E09-41FC-AD0A-A91DD73FE741}.Release|Any CPU.ActiveCfg = Release|Any CPU
		{241B1652-0E09-41FC-AD0A-A91DD73FE741}.Release|Any CPU.Build.0 = Release|Any CPU
	EndGlobalSection
EndGlobal
